
Microsoft Visual Studio Solution File, Format Version 12.00
# Visual Studio Version 17
VisualStudioVersion = 17.5.002.0
MinimumVisualStudioVersion = 10.0.40219.1
Project("{9A19103F-16F7-4668-BE54-9A1E7A4F7556}") = "DNWS", "DNWS.csproj", "{11F467AA-F4E7-40EF-9C94-12C7C78B39B9}"
EndProject
Global
	GlobalSection(SolutionConfigurationPlatforms) = preSolution
		Debug|Any CPU = Debug|Any CPU
		Release|Any CPU = Release|Any CPU
	EndGlobalSection
	GlobalSection(ProjectConfigurationPlatforms) = postSolution
		{11F467AA-F4E7-40EF-9C94-12C7C78B39B9}.Debug|Any CPU.ActiveCfg = Debug|Any CPU
		{11F467AA-F4E7-40EF-9C94-12C7C78B39B9}.Debug|Any CPU.Build.0 = Debug|Any CPU
		{11F467AA-F4E7-40EF-9C94-12C7C78B39B9}.Release|Any CPU.ActiveCfg = Release|Any CPU
		{11F467AA-F4E7-40EF-9C94-12C7C78B39B9}.Release|Any CPU.Build.0 = Release|Any CPU
	EndGlobalSection
	GlobalSection(SolutionProperties) = preSolution
		HideSolutionNode = FALSE
	EndGlobalSection
	GlobalSection(ExtensibilityGlobals) = postSolution
		SolutionGuid = {270C629D-96E2-4C8E-B9F5-40E68FCE26A4}
	EndGlobalSection
EndGlobal
