
Microsoft Visual Studio Solution File, Format Version 12.00
# Visual Studio Version 17
VisualStudioVersion = 17.5.002.0
MinimumVisualStudioVersion = 10.0.40219.1
Project("{9A19103F-16F7-4668-BE54-9A1E7A4F7556}") = "DNWS", "DNWS.csproj", "{ED5967CB-3B64-4327-8F60-6419144EADD3}"
EndProject
Global
	GlobalSection(SolutionConfigurationPlatforms) = preSolution
		Debug|Any CPU = Debug|Any CPU
		Release|Any CPU = Release|Any CPU
	EndGlobalSection
	GlobalSection(ProjectConfigurationPlatforms) = postSolution
		{ED5967CB-3B64-4327-8F60-6419144EADD3}.Debug|Any CPU.ActiveCfg = Debug|Any CPU
		{ED5967CB-3B64-4327-8F60-6419144EADD3}.Debug|Any CPU.Build.0 = Debug|Any CPU
		{ED5967CB-3B64-4327-8F60-6419144EADD3}.Release|Any CPU.ActiveCfg = Release|Any CPU
		{ED5967CB-3B64-4327-8F60-6419144EADD3}.Release|Any CPU.Build.0 = Release|Any CPU
	EndGlobalSection
	GlobalSection(SolutionProperties) = preSolution
		HideSolutionNode = FALSE
	EndGlobalSection
	GlobalSection(ExtensibilityGlobals) = postSolution
		SolutionGuid = {2F89F6F4-2021-4602-BE2E-E3A2295BC957}
	EndGlobalSection
EndGlobal
